
Microsoft Visual Studio Solution File, Format Version 12.00
# Visual Studio 2013
VisualStudioVersion = 12.0.40629.0
MinimumVisualStudioVersion = 10.0.40219.1
Project("{FAE04EC0-301F-11D3-BF4B-00C04F79EFBC}") = "LearnositySDK", "LearnositySDK\LearnositySDK.csproj", "{4A1F8BE2-02A2-424D-AE33-11F742E18EED}"
EndProject
Project("{FAE04EC0-301F-11D3-BF4B-00C04F79EFBC}") = "LearnositySDKUnitTests", "UnitTestProject1\LearnositySDKUnitTests.csproj", "{1A1FFC7A-6BBA-4B37-8734-25A4AB46E0C2}"
EndProject
Global
	GlobalSection(SolutionConfigurationPlatforms) = preSolution
		Debug|Any CPU = Debug|Any CPU
		Release|Any CPU = Release|Any CPU
	EndGlobalSection
	GlobalSection(ProjectConfigurationPlatforms) = postSolution
		{4A1F8BE2-02A2-424D-AE33-11F742E18EED}.Debug|Any CPU.ActiveCfg = Debug|Any CPU
		{4A1F8BE2-02A2-424D-AE33-11F742E18EED}.Debug|Any CPU.Build.0 = Debug|Any CPU
		{4A1F8BE2-02A2-424D-AE33-11F742E18EED}.Release|Any CPU.ActiveCfg = Release|Any CPU
		{4A1F8BE2-02A2-424D-AE33-11F742E18EED}.Release|Any CPU.Build.0 = Release|Any CPU
	EndGlobalSection
	GlobalSection(SolutionProperties) = preSolution
		HideSolutionNode = FALSE
	EndGlobalSection
EndGlobal
