
Microsoft Visual Studio Solution File, Format Version 12.00
# Visual Studio 15
VisualStudioVersion = 15.0.27004.2009
MinimumVisualStudioVersion = 10.0.40219.1
Project("{FAE04EC0-301F-11D3-BF4B-00C04F79EFBC}") = "LearnositySDK", "LearnositySDK\LearnositySDK.csproj", "{DC1B295A-F21E-4A3C-A4DA-76130D281546}"
EndProject
Project("{FAE04EC0-301F-11D3-BF4B-00C04F79EFBC}") = "LearnositySDKUnitTests", "LearnositySDKUnitTests\LearnositySDKUnitTests.csproj", "{29D6AB6C-C34D-4FAE-A433-E59C0B990DB6}"
	ProjectSection(ProjectDependencies) = postProject
		{DC1B295A-F21E-4A3C-A4DA-76130D281546} = {DC1B295A-F21E-4A3C-A4DA-76130D281546}
	EndProjectSection
EndProject
Project("{FAE04EC0-301F-11D3-BF4B-00C04F79EFBC}") = "LearnositySDKIntegrationTests", "LearnositySDKIntegrationTests\LearnositySDKIntegrationTests.csproj", "{EC7DF4B1-1A89-40CA-99B1-E059D54EA373}"
EndProject
Project("{FAE04EC0-301F-11D3-BF4B-00C04F79EFBC}") = "LearnosityDemo", "LearnosityDemo\LearnosityDemo.csproj", "{48234B2A-1BD6-477F-9DCA-F7F1A1FD15B2}"
EndProject
Global
	GlobalSection(SolutionConfigurationPlatforms) = preSolution
		Debug|Any CPU = Debug|Any CPU
		Release|Any CPU = Release|Any CPU
	EndGlobalSection
	GlobalSection(ProjectConfigurationPlatforms) = postSolution
		{DC1B295A-F21E-4A3C-A4DA-76130D281546}.Debug|Any CPU.ActiveCfg = Debug|Any CPU
		{DC1B295A-F21E-4A3C-A4DA-76130D281546}.Debug|Any CPU.Build.0 = Debug|Any CPU
		{DC1B295A-F21E-4A3C-A4DA-76130D281546}.Release|Any CPU.ActiveCfg = Release|Any CPU
		{DC1B295A-F21E-4A3C-A4DA-76130D281546}.Release|Any CPU.Build.0 = Release|Any CPU
		{29D6AB6C-C34D-4FAE-A433-E59C0B990DB6}.Debug|Any CPU.ActiveCfg = Debug|Any CPU
		{29D6AB6C-C34D-4FAE-A433-E59C0B990DB6}.Debug|Any CPU.Build.0 = Debug|Any CPU
		{29D6AB6C-C34D-4FAE-A433-E59C0B990DB6}.Release|Any CPU.ActiveCfg = Release|Any CPU
		{29D6AB6C-C34D-4FAE-A433-E59C0B990DB6}.Release|Any CPU.Build.0 = Release|Any CPU
		{EC7DF4B1-1A89-40CA-99B1-E059D54EA373}.Debug|Any CPU.ActiveCfg = Debug|Any CPU
		{EC7DF4B1-1A89-40CA-99B1-E059D54EA373}.Debug|Any CPU.Build.0 = Debug|Any CPU
		{EC7DF4B1-1A89-40CA-99B1-E059D54EA373}.Release|Any CPU.ActiveCfg = Release|Any CPU
		{EC7DF4B1-1A89-40CA-99B1-E059D54EA373}.Release|Any CPU.Build.0 = Release|Any CPU
		{48234B2A-1BD6-477F-9DCA-F7F1A1FD15B2}.Debug|Any CPU.ActiveCfg = Debug|Any CPU
		{48234B2A-1BD6-477F-9DCA-F7F1A1FD15B2}.Debug|Any CPU.Build.0 = Debug|Any CPU
		{48234B2A-1BD6-477F-9DCA-F7F1A1FD15B2}.Release|Any CPU.ActiveCfg = Release|Any CPU
		{48234B2A-1BD6-477F-9DCA-F7F1A1FD15B2}.Release|Any CPU.Build.0 = Release|Any CPU
	EndGlobalSection
	GlobalSection(SolutionProperties) = preSolution
		HideSolutionNode = FALSE
	EndGlobalSection
	GlobalSection(ExtensibilityGlobals) = postSolution
		SolutionGuid = {3C8708D7-B4D7-4294-A8EE-854A68D6CDA4}
	EndGlobalSection
	GlobalSection(MonoDevelopProperties) = preSolution
		Policies = $0
		$0.DotNetNamingPolicy = $1
		$1.DirectoryNamespaceAssociation = PrefixedHierarchical
		$0.StandardHeader = $2
		$0.VersionControlPolicy = $3
	EndGlobalSection
EndGlobal
