
Microsoft Visual Studio Solution File, Format Version 12.00
# Visual Studio Version 16
VisualStudioVersion = 25.0.1704.3
MinimumVisualStudioVersion = 10.0.40219.1
Project("{FAE04EC0-301F-11D3-BF4B-00C04F79EFBC}") = "LearnosityDemo", "LearnosityDemo.csproj", "{27F96458-915A-4C09-91CF-C72F2144559F}"
EndProject
Global
	GlobalSection(SolutionConfigurationPlatforms) = preSolution
		Debug|Any CPU = Debug|Any CPU
		Release|Any CPU = Release|Any CPU
	EndGlobalSection
	GlobalSection(ProjectConfigurationPlatforms) = postSolution
		{27F96458-915A-4C09-91CF-C72F2144559F}.Debug|Any CPU.ActiveCfg = Debug|Any CPU
		{27F96458-915A-4C09-91CF-C72F2144559F}.Debug|Any CPU.Build.0 = Debug|Any CPU
		{27F96458-915A-4C09-91CF-C72F2144559F}.Release|Any CPU.ActiveCfg = Release|Any CPU
		{27F96458-915A-4C09-91CF-C72F2144559F}.Release|Any CPU.Build.0 = Release|Any CPU
	EndGlobalSection
	GlobalSection(SolutionProperties) = preSolution
		HideSolutionNode = FALSE
	EndGlobalSection
	GlobalSection(ExtensibilityGlobals) = postSolution
		SolutionGuid = {1FD8BD7C-CC74-4222-AE18-82F15D9DF2CE}
	EndGlobalSection
EndGlobal
